// !$*UTF8*$!
{
	archiveVersion = 1;
	classes = {
	};
	objectVersion = 50;
	objects = {

/* Begin PBXBuildFile section */
		18621799223536C80019ADAE /* AppDelegate.swift in Sources */ = {isa = PBXBuildFile; fileRef = 18621798223536C80019ADAE /* AppDelegate.swift */; };
		1862179B223536C80019ADAE /* ViewController.swift in Sources */ = {isa = PBXBuildFile; fileRef = 1862179A223536C80019ADAE /* ViewController.swift */; };
		1862179E223536C80019ADAE /* Main.storyboard in Resources */ = {isa = PBXBuildFile; fileRef = 1862179C223536C80019ADAE /* Main.storyboard */; };
		186217A0223536C90019ADAE /* Assets.xcassets in Resources */ = {isa = PBXBuildFile; fileRef = 1862179F223536C90019ADAE /* Assets.xcassets */; };
		186217A3223536C90019ADAE /* LaunchScreen.storyboard in Resources */ = {isa = PBXBuildFile; fileRef = 186217A1223536C90019ADAE /* LaunchScreen.storyboard */; };
		186217B42235389E0019ADAE /* SwiftSDK.framework in Frameworks */ = {isa = PBXBuildFile; fileRef = 186217B32235389E0019ADAE /* SwiftSDK.framework */; };
		186217B5223538C20019ADAE /* SwiftSDK.framework in Frameworks */ = {isa = PBXBuildFile; fileRef = 186217B32235389E0019ADAE /* SwiftSDK.framework */; };
		186217B6223538C20019ADAE /* SwiftSDK.framework in Embed Frameworks */ = {isa = PBXBuildFile; fileRef = 186217B32235389E0019ADAE /* SwiftSDK.framework */; settings = {ATTRIBUTES = (CodeSignOnCopy, RemoveHeadersOnCopy, ); }; };
/* End PBXBuildFile section */

/* Begin PBXCopyFilesBuildPhase section */
		186217B7223538C30019ADAE /* Embed Frameworks */ = {
			isa = PBXCopyFilesBuildPhase;
			buildActionMask = 2147483647;
			dstPath = "";
			dstSubfolderSpec = 10;
			files = (
				186217B6223538C20019ADAE /* SwiftSDK.framework in Embed Frameworks */,
			);
			name = "Embed Frameworks";
			runOnlyForDeploymentPostprocessing = 0;
		};
/* End PBXCopyFilesBuildPhase section */

/* Begin PBXFileReference section */
		18621795223536C80019ADAE /* SwiftSDKTestDemo.app */ = {isa = PBXFileReference; explicitFileType = wrapper.application; includeInIndex = 0; path = SwiftSDKTestDemo.app; sourceTree = BUILT_PRODUCTS_DIR; };
		18621798223536C80019ADAE /* AppDelegate.swift */ = {isa = PBXFileReference; lastKnownFileType = sourcecode.swift; path = AppDelegate.swift; sourceTree = "<group>"; };
		1862179A223536C80019ADAE /* ViewController.swift */ = {isa = PBXFileReference; lastKnownFileType = sourcecode.swift; path = ViewController.swift; sourceTree = "<group>"; };
		1862179D223536C80019ADAE /* Base */ = {isa = PBXFileReference; lastKnownFileType = file.storyboard; name = Base; path = Base.lproj/Main.storyboard; sourceTree = "<group>"; };
		1862179F223536C90019ADAE /* Assets.xcassets */ = {isa = PBXFileReference; lastKnownFileType = folder.assetcatalog; path = Assets.xcassets; sourceTree = "<group>"; };
		186217A2223536C90019ADAE /* Base */ = {isa = PBXFileReference; lastKnownFileType = file.storyboard; name = Base; path = Base.lproj/LaunchScreen.storyboard; sourceTree = "<group>"; };
		186217A4223536C90019ADAE /* Info.plist */ = {isa = PBXFileReference; lastKnownFileType = text.plist.xml; path = Info.plist; sourceTree = "<group>"; };
		186217B32235389E0019ADAE /* SwiftSDK.framework */ = {isa = PBXFileReference; lastKnownFileType = wrapper.framework; path = SwiftSDK.framework; sourceTree = "<group>"; };
/* End PBXFileReference section */

/* Begin PBXFrameworksBuildPhase section */
		18621792223536C80019ADAE /* Frameworks */ = {
			isa = PBXFrameworksBuildPhase;
			buildActionMask = 2147483647;
			files = (
				186217B42235389E0019ADAE /* SwiftSDK.framework in Frameworks */,
				186217B5223538C20019ADAE /* SwiftSDK.framework in Frameworks */,
			);
			runOnlyForDeploymentPostprocessing = 0;
		};
/* End PBXFrameworksBuildPhase section */

/* Begin PBXGroup section */
		1862178C223536C70019ADAE = {
			isa = PBXGroup;
			children = (
				186217B32235389E0019ADAE /* SwiftSDK.framework */,
				18621797223536C80019ADAE /* SwiftSDKTestDemo */,
				18621796223536C80019ADAE /* Products */,
			);
			sourceTree = "<group>";
		};
		18621796223536C80019ADAE /* Products */ = {
			isa = PBXGroup;
			children = (
				18621795223536C80019ADAE /* SwiftSDKTestDemo.app */,
			);
			name = Products;
			sourceTree = "<group>";
		};
		18621797223536C80019ADAE /* SwiftSDKTestDemo */ = {
			isa = PBXGroup;
			children = (
				18621798223536C80019ADAE /* AppDelegate.swift */,
				1862179A223536C80019ADAE /* ViewController.swift */,
				1862179C223536C80019ADAE /* Main.storyboard */,
				1862179F223536C90019ADAE /* Assets.xcassets */,
				186217A1223536C90019ADAE /* LaunchScreen.storyboard */,
				186217A4223536C90019ADAE /* Info.plist */,
			);
			path = SwiftSDKTestDemo;
			sourceTree = "<group>";
		};
/* End PBXGroup section */

/* Begin PBXNativeTarget section */
		18621794223536C80019ADAE /* SwiftSDKTestDemo */ = {
			isa = PBXNativeTarget;
			buildConfigurationList = 186217A7223536C90019ADAE /* Build configuration list for PBXNativeTarget "SwiftSDKTestDemo" */;
			buildPhases = (
				18621791223536C80019ADAE /* Sources */,
				18621792223536C80019ADAE /* Frameworks */,
				18621793223536C80019ADAE /* Resources */,
				186217B7223538C30019ADAE /* Embed Frameworks */,
			);
			buildRules = (
			);
			dependencies = (
			);
			name = SwiftSDKTestDemo;
			productName = SwiftSDKTestDemo;
			productReference = 18621795223536C80019ADAE /* SwiftSDKTestDemo.app */;
			productType = "com.apple.product-type.application";
		};
/* End PBXNativeTarget section */

/* Begin PBXProject section */
		1862178D223536C70019ADAE /* Project object */ = {
			isa = PBXProject;
			attributes = {
				LastSwiftUpdateCheck = 1010;
				LastUpgradeCheck = 1010;
				ORGANIZATIONNAME = "Chauncey Qu";
				TargetAttributes = {
					18621794223536C80019ADAE = {
						CreatedOnToolsVersion = 10.1;
					};
				};
			};
			buildConfigurationList = 18621790223536C70019ADAE /* Build configuration list for PBXProject "SwiftSDKTestDemo" */;
			compatibilityVersion = "Xcode 9.3";
			developmentRegion = en;
			hasScannedForEncodings = 0;
			knownRegions = (
				en,
				Base,
			);
			mainGroup = 1862178C223536C70019ADAE;
			productRefGroup = 18621796223536C80019ADAE /* Products */;
			projectDirPath = "";
			projectRoot = "";
			targets = (
				18621794223536C80019ADAE /* SwiftSDKTestDemo */,
			);
		};
/* End PBXProject section */

/* Begin PBXResourcesBuildPhase section */
		18621793223536C80019ADAE /* Resources */ = {
			isa = PBXResourcesBuildPhase;
			buildActionMask = 2147483647;
			files = (
				186217A3223536C90019ADAE /* LaunchScreen.storyboard in Resources */,
				186217A0223536C90019ADAE /* Assets.xcassets in Resources */,
				1862179E223536C80019ADAE /* Main.storyboard in Resources */,
			);
			runOnlyForDeploymentPostprocessing = 0;
		};
/* End PBXResourcesBuildPhase section */

/* Begin PBXSourcesBuildPhase section */
		18621791223536C80019ADAE /* Sources */ = {
			isa = PBXSourcesBuildPhase;
			buildActionMask = 2147483647;
			files = (
				1862179B223536C80019ADAE /* ViewController.swift in Sources */,
				18621799223536C80019ADAE /* AppDelegate.swift in Sources */,
			);
			runOnlyForDeploymentPostprocessing = 0;
		};
/* End PBXSourcesBuildPhase section */

/* Begin PBXVariantGroup section */
		1862179C223536C80019ADAE /* Main.storyboard */ = {
			isa = PBXVariantGroup;
			children = (
				1862179D223536C80019ADAE /* Base */,
			);
			name = Main.storyboard;
			sourceTree = "<group>";
		};
		186217A1223536C90019ADAE /* LaunchScreen.storyboard */ = {
			isa = PBXVariantGroup;
			children = (
				186217A2223536C90019ADAE /* Base */,
			);
			name = LaunchScreen.storyboard;
			sourceTree = "<group>";
		};
/* End PBXVariantGroup section */

/* Begin XCBuildConfiguration section */
		186217A5223536C90019ADAE /* Debug */ = {
			isa = XCBuildConfiguration;
			buildSettings = {
				ALWAYS_SEARCH_USER_PATHS = NO;
				CLANG_ANALYZER_NONNULL = YES;
				CLANG_ANALYZER_NUMBER_OBJECT_CONVERSION = YES_AGGRESSIVE;
				CLANG_CXX_LANGUAGE_STANDARD = "gnu++14";
				CLANG_CXX_LIBRARY = "libc++";
				CLANG_ENABLE_MODULES = YES;
				CLANG_ENABLE_OBJC_ARC = YES;
				CLANG_ENABLE_OBJC_WEAK = YES;
				CLANG_WARN_BLOCK_CAPTURE_AUTORELEASING = YES;
				CLANG_WARN_BOOL_CONVERSION = YES;
				CLANG_WARN_COMMA = YES;
				CLANG_WARN_CONSTANT_CONVERSION = YES;
				CLANG_WARN_DEPRECATED_OBJC_IMPLEMENTATIONS = YES;
				CLANG_WARN_DIRECT_OBJC_ISA_USAGE = YES_ERROR;
				CLANG_WARN_DOCUMENTATION_COMMENTS = YES;
				CLANG_WARN_EMPTY_BODY = YES;
				CLANG_WARN_ENUM_CONVERSION = YES;
				CLANG_WARN_INFINITE_RECURSION = YES;
				CLANG_WARN_INT_CONVERSION = YES;
				CLANG_WARN_NON_LITERAL_NULL_CONVERSION = YES;
				CLANG_WARN_OBJC_IMPLICIT_RETAIN_SELF = YES;
				CLANG_WARN_OBJC_LITERAL_CONVERSION = YES;
				CLANG_WARN_OBJC_ROOT_CLASS = YES_ERROR;
				CLANG_WARN_RANGE_LOOP_ANALYSIS = YES;
				CLANG_WARN_STRICT_PROTOTYPES = YES;
				CLANG_WARN_SUSPICIOUS_MOVE = YES;
				CLANG_WARN_UNGUARDED_AVAILABILITY = YES_AGGRESSIVE;
				CLANG_WARN_UNREACHABLE_CODE = YES;
				CLANG_WARN__DUPLICATE_METHOD_MATCH = YES;
				CODE_SIGN_IDENTITY = "iPhone Developer";
				COPY_PHASE_STRIP = NO;
				DEBUG_INFORMATION_FORMAT = dwarf;
				ENABLE_STRICT_OBJC_MSGSEND = YES;
				ENABLE_TESTABILITY = YES;
				GCC_C_LANGUAGE_STANDARD = gnu11;
				GCC_DYNAMIC_NO_PIC = NO;
				GCC_NO_COMMON_BLOCKS = YES;
				GCC_OPTIMIZATION_LEVEL = 0;
				GCC_PREPROCESSOR_DEFINITIONS = (
					"DEBUG=1",
					"$(inherited)",
				);
				GCC_WARN_64_TO_32_BIT_CONVERSION = YES;
				GCC_WARN_ABOUT_RETURN_TYPE = YES_ERROR;
				GCC_WARN_UNDECLARED_SELECTOR = YES;
				GCC_WARN_UNINITIALIZED_AUTOS = YES_AGGRESSIVE;
				GCC_WARN_UNUSED_FUNCTION = YES;
				GCC_WARN_UNUSED_VARIABLE = YES;
				IPHONEOS_DEPLOYMENT_TARGET = 12.1;
				MTL_ENABLE_DEBUG_INFO = INCLUDE_SOURCE;
				MTL_FAST_MATH = YES;
				ONLY_ACTIVE_ARCH = YES;
				SDKROOT = iphoneos;
				SWIFT_ACTIVE_COMPILATION_CONDITIONS = DEBUG;
				SWIFT_OPTIMIZATION_LEVEL = "-Onone";
			};
			name = Debug;
		};
		186217A6223536C90019ADAE /* Release */ = {
			isa = XCBuildConfiguration;
			buildSettings = {
				ALWAYS_SEARCH_USER_PATHS = NO;
				CLANG_ANALYZER_NONNULL = YES;
				CLANG_ANALYZER_NUMBER_OBJECT_CONVERSION = YES_AGGRESSIVE;
				CLANG_CXX_LANGUAGE_STANDARD = "gnu++14";
				CLANG_CXX_LIBRARY = "libc++";
				CLANG_ENABLE_MODULES = YES;
				CLANG_ENABLE_OBJC_ARC = YES;
				CLANG_ENABLE_OBJC_WEAK = YES;
				CLANG_WARN_BLOCK_CAPTURE_AUTORELEASING = YES;
				CLANG_WARN_BOOL_CONVERSION = YES;
				CLANG_WARN_COMMA = YES;
				CLANG_WARN_CONSTANT_CONVERSION = YES;
				CLANG_WARN_DEPRECATED_OBJC_IMPLEMENTATIONS = YES;
				CLANG_WARN_DIRECT_OBJC_ISA_USAGE = YES_ERROR;
				CLANG_WARN_DOCUMENTATION_COMMENTS = YES;
				CLANG_WARN_EMPTY_BODY = YES;
				CLANG_WARN_ENUM_CONVERSION = YES;
				CLANG_WARN_INFINITE_RECURSION = YES;
				CLANG_WARN_INT_CONVERSION = YES;
				CLANG_WARN_NON_LITERAL_NULL_CONVERSION = YES;
				CLANG_WARN_OBJC_IMPLICIT_RETAIN_SELF = YES;
				CLANG_WARN_OBJC_LITERAL_CONVERSION = YES;
				CLANG_WARN_OBJC_ROOT_CLASS = YES_ERROR;
				CLANG_WARN_RANGE_LOOP_ANALYSIS = YES;
				CLANG_WARN_STRICT_PROTOTYPES = YES;
				CLANG_WARN_SUSPICIOUS_MOVE = YES;
				CLANG_WARN_UNGUARDED_AVAILABILITY = YES_AGGRESSIVE;
				CLANG_WARN_UNREACHABLE_CODE = YES;
				CLANG_WARN__DUPLICATE_METHOD_MATCH = YES;
				CODE_SIGN_IDENTITY = "iPhone Developer";
				COPY_PHASE_STRIP = NO;
				DEBUG_INFORMATION_FORMAT = "dwarf-with-dsym";
				ENABLE_NS_ASSERTIONS = NO;
				ENABLE_STRICT_OBJC_MSGSEND = YES;
				GCC_C_LANGUAGE_STANDARD = gnu11;
				GCC_NO_COMMON_BLOCKS = YES;
				GCC_WARN_64_TO_32_BIT_CONVERSION = YES;
				GCC_WARN_ABOUT_RETURN_TYPE = YES_ERROR;
				GCC_WARN_UNDECLARED_SELECTOR = YES;
				GCC_WARN_UNINITIALIZED_AUTOS = YES_AGGRESSIVE;
				GCC_WARN_UNUSED_FUNCTION = YES;
				GCC_WARN_UNUSED_VARIABLE = YES;
				IPHONEOS_DEPLOYMENT_TARGET = 12.1;
				MTL_ENABLE_DEBUG_INFO = NO;
				MTL_FAST_MATH = YES;
				SDKROOT = iphoneos;
				SWIFT_COMPILATION_MODE = wholemodule;
				SWIFT_OPTIMIZATION_LEVEL = "-O";
				VALIDATE_PRODUCT = YES;
			};
			name = Release;
		};
		186217A8223536C90019ADAE /* Debug */ = {
			isa = XCBuildConfiguration;
			buildSettings = {
				ASSETCATALOG_COMPILER_APPICON_NAME = AppIcon;
				CODE_SIGN_STYLE = Automatic;
				DEVELOPMENT_TEAM = 42VW94SVZ4;
				FRAMEWORK_SEARCH_PATHS = (
					"$(inherited)",
					"$(PROJECT_DIR)",
				);
				INFOPLIST_FILE = SwiftSDKTestDemo/Info.plist;
				IPHONEOS_DEPLOYMENT_TARGET = 11.0;
				LD_RUNPATH_SEARCH_PATHS = (
					"$(inherited)",
					"@executable_path/Frameworks",
				);
				PRODUCT_BUNDLE_IDENTIFIER = io.github.summitxy.SwiftSDKTestDemo;
				PRODUCT_NAME = "$(TARGET_NAME)";
				SWIFT_VERSION = 4.2;
				TARGETED_DEVICE_FAMILY = "1,2";
			};
			name = Debug;
		};
		186217A9223536C90019ADAE /* Release */ = {
			isa = XCBuildConfiguration;
			buildSettings = {
				ASSETCATALOG_COMPILER_APPICON_NAME = AppIcon;
				CODE_SIGN_STYLE = Automatic;
				DEVELOPMENT_TEAM = 42VW94SVZ4;
				FRAMEWORK_SEARCH_PATHS = (
					"$(inherited)",
					"$(PROJECT_DIR)",
				);
				INFOPLIST_FILE = SwiftSDKTestDemo/Info.plist;
				IPHONEOS_DEPLOYMENT_TARGET = 11.0;
				LD_RUNPATH_SEARCH_PATHS = (
					"$(inherited)",
					"@executable_path/Frameworks",
				);
				PRODUCT_BUNDLE_IDENTIFIER = io.github.summitxy.SwiftSDKTestDemo;
				PRODUCT_NAME = "$(TARGET_NAME)";
				SWIFT_VERSION = 4.2;
				TARGETED_DEVICE_FAMILY = "1,2";
			};
			name = Release;
		};
/* End XCBuildConfiguration section */

/* Begin XCConfigurationList section */
		18621790223536C70019ADAE /* Build configuration list for PBXProject "SwiftSDKTestDemo" */ = {
			isa = XCConfigurationList;
			buildConfigurations = (
				186217A5223536C90019ADAE /* Debug */,
				186217A6223536C90019ADAE /* Release */,
			);
			defaultConfigurationIsVisible = 0;
			defaultConfigurationName = Release;
		};
		186217A7223536C90019ADAE /* Build configuration list for PBXNativeTarget "SwiftSDKTestDemo" */ = {
			isa = XCConfigurationList;
			buildConfigurations = (
				186217A8223536C90019ADAE /* Debug */,
				186217A9223536C90019ADAE /* Release */,
			);
			defaultConfigurationIsVisible = 0;
			defaultConfigurationName = Release;
		};
/* End XCConfigurationList section */
	};
	rootObject = 1862178D223536C70019ADAE /* Project object */;
}
