// !$*UTF8*$!
{
	archiveVersion = 1;
	classes = {
	};
	objectVersion = 50;
	objects = {

/* Begin PBXBuildFile section */
		188812D9224A0473000BBE79 /* CGViewController.m in Sources */ = {isa = PBXBuildFile; fileRef = 188812D8224A0473000BBE79 /* CGViewController.m */; };
		188812DC224A0970000BBE79 /* PlayingCardView.m in Sources */ = {isa = PBXBuildFile; fileRef = 188812DB224A0970000BBE79 /* PlayingCardView.m */; };
		18F6E2102248C253007B1216 /* AppDelegate.m in Sources */ = {isa = PBXBuildFile; fileRef = 18F6E20F2248C253007B1216 /* AppDelegate.m */; };
		18F6E2132248C253007B1216 /* ViewController.m in Sources */ = {isa = PBXBuildFile; fileRef = 18F6E2122248C253007B1216 /* ViewController.m */; };
		18F6E2162248C253007B1216 /* Main.storyboard in Resources */ = {isa = PBXBuildFile; fileRef = 18F6E2142248C253007B1216 /* Main.storyboard */; };
		18F6E2182248C256007B1216 /* Assets.xcassets in Resources */ = {isa = PBXBuildFile; fileRef = 18F6E2172248C256007B1216 /* Assets.xcassets */; };
		18F6E21B2248C256007B1216 /* LaunchScreen.storyboard in Resources */ = {isa = PBXBuildFile; fileRef = 18F6E2192248C256007B1216 /* LaunchScreen.storyboard */; };
		18F6E21E2248C256007B1216 /* main.m in Sources */ = {isa = PBXBuildFile; fileRef = 18F6E21D2248C256007B1216 /* main.m */; };
		18F6E227224909F5007B1216 /* AnalyzeTextViewController.m in Sources */ = {isa = PBXBuildFile; fileRef = 18F6E226224909F5007B1216 /* AnalyzeTextViewController.m */; };
/* End PBXBuildFile section */

/* Begin PBXFileReference section */
		188812D7224A0473000BBE79 /* CGViewController.h */ = {isa = PBXFileReference; lastKnownFileType = sourcecode.c.h; path = CGViewController.h; sourceTree = "<group>"; };
		188812D8224A0473000BBE79 /* CGViewController.m */ = {isa = PBXFileReference; lastKnownFileType = sourcecode.c.objc; path = CGViewController.m; sourceTree = "<group>"; };
		188812DA224A0970000BBE79 /* PlayingCardView.h */ = {isa = PBXFileReference; lastKnownFileType = sourcecode.c.h; path = PlayingCardView.h; sourceTree = "<group>"; };
		188812DB224A0970000BBE79 /* PlayingCardView.m */ = {isa = PBXFileReference; lastKnownFileType = sourcecode.c.objc; path = PlayingCardView.m; sourceTree = "<group>"; };
		18F6E20B2248C252007B1216 /* Attributor.app */ = {isa = PBXFileReference; explicitFileType = wrapper.application; includeInIndex = 0; path = Attributor.app; sourceTree = BUILT_PRODUCTS_DIR; };
		18F6E20E2248C253007B1216 /* AppDelegate.h */ = {isa = PBXFileReference; lastKnownFileType = sourcecode.c.h; path = AppDelegate.h; sourceTree = "<group>"; };
		18F6E20F2248C253007B1216 /* AppDelegate.m */ = {isa = PBXFileReference; lastKnownFileType = sourcecode.c.objc; path = AppDelegate.m; sourceTree = "<group>"; };
		18F6E2112248C253007B1216 /* ViewController.h */ = {isa = PBXFileReference; lastKnownFileType = sourcecode.c.h; path = ViewController.h; sourceTree = "<group>"; };
		18F6E2122248C253007B1216 /* ViewController.m */ = {isa = PBXFileReference; lastKnownFileType = sourcecode.c.objc; path = ViewController.m; sourceTree = "<group>"; };
		18F6E2152248C253007B1216 /* Base */ = {isa = PBXFileReference; lastKnownFileType = file.storyboard; name = Base; path = Base.lproj/Main.storyboard; sourceTree = "<group>"; };
		18F6E2172248C256007B1216 /* Assets.xcassets */ = {isa = PBXFileReference; lastKnownFileType = folder.assetcatalog; path = Assets.xcassets; sourceTree = "<group>"; };
		18F6E21A2248C256007B1216 /* Base */ = {isa = PBXFileReference; lastKnownFileType = file.storyboard; name = Base; path = Base.lproj/LaunchScreen.storyboard; sourceTree = "<group>"; };
		18F6E21C2248C256007B1216 /* Info.plist */ = {isa = PBXFileReference; lastKnownFileType = text.plist.xml; path = Info.plist; sourceTree = "<group>"; };
		18F6E21D2248C256007B1216 /* main.m */ = {isa = PBXFileReference; lastKnownFileType = sourcecode.c.objc; path = main.m; sourceTree = "<group>"; };
		18F6E225224909F5007B1216 /* AnalyzeTextViewController.h */ = {isa = PBXFileReference; lastKnownFileType = sourcecode.c.h; path = AnalyzeTextViewController.h; sourceTree = "<group>"; };
		18F6E226224909F5007B1216 /* AnalyzeTextViewController.m */ = {isa = PBXFileReference; lastKnownFileType = sourcecode.c.objc; path = AnalyzeTextViewController.m; sourceTree = "<group>"; };
/* End PBXFileReference section */

/* Begin PBXFrameworksBuildPhase section */
		18F6E2082248C252007B1216 /* Frameworks */ = {
			isa = PBXFrameworksBuildPhase;
			buildActionMask = 2147483647;
			files = (
			);
			runOnlyForDeploymentPostprocessing = 0;
		};
/* End PBXFrameworksBuildPhase section */

/* Begin PBXGroup section */
		18F6E2022248C252007B1216 = {
			isa = PBXGroup;
			children = (
				18F6E20D2248C253007B1216 /* Attributor */,
				18F6E20C2248C252007B1216 /* Products */,
			);
			sourceTree = "<group>";
		};
		18F6E20C2248C252007B1216 /* Products */ = {
			isa = PBXGroup;
			children = (
				18F6E20B2248C252007B1216 /* Attributor.app */,
			);
			name = Products;
			sourceTree = "<group>";
		};
		18F6E20D2248C253007B1216 /* Attributor */ = {
			isa = PBXGroup;
			children = (
				18F6E2142248C253007B1216 /* Main.storyboard */,
				18F6E2242248C25D007B1216 /* Supporting Files */,
				18F6E2112248C253007B1216 /* ViewController.h */,
				18F6E2122248C253007B1216 /* ViewController.m */,
				188812DA224A0970000BBE79 /* PlayingCardView.h */,
				188812DB224A0970000BBE79 /* PlayingCardView.m */,
				188812D7224A0473000BBE79 /* CGViewController.h */,
				188812D8224A0473000BBE79 /* CGViewController.m */,
				18F6E225224909F5007B1216 /* AnalyzeTextViewController.h */,
				18F6E226224909F5007B1216 /* AnalyzeTextViewController.m */,
				18F6E2172248C256007B1216 /* Assets.xcassets */,
				18F6E2192248C256007B1216 /* LaunchScreen.storyboard */,
				18F6E21C2248C256007B1216 /* Info.plist */,
			);
			path = Attributor;
			sourceTree = "<group>";
		};
		18F6E2242248C25D007B1216 /* Supporting Files */ = {
			isa = PBXGroup;
			children = (
				18F6E20E2248C253007B1216 /* AppDelegate.h */,
				18F6E20F2248C253007B1216 /* AppDelegate.m */,
				18F6E21D2248C256007B1216 /* main.m */,
			);
			path = "Supporting Files";
			sourceTree = "<group>";
		};
/* End PBXGroup section */

/* Begin PBXNativeTarget section */
		18F6E20A2248C252007B1216 /* Attributor */ = {
			isa = PBXNativeTarget;
			buildConfigurationList = 18F6E2212248C256007B1216 /* Build configuration list for PBXNativeTarget "Attributor" */;
			buildPhases = (
				18F6E2072248C252007B1216 /* Sources */,
				18F6E2082248C252007B1216 /* Frameworks */,
				18F6E2092248C252007B1216 /* Resources */,
			);
			buildRules = (
			);
			dependencies = (
			);
			name = Attributor;
			productName = Attributor;
			productReference = 18F6E20B2248C252007B1216 /* Attributor.app */;
			productType = "com.apple.product-type.application";
		};
/* End PBXNativeTarget section */

/* Begin PBXProject section */
		18F6E2032248C252007B1216 /* Project object */ = {
			isa = PBXProject;
			attributes = {
				LastUpgradeCheck = 1010;
				ORGANIZATIONNAME = "Chauncey Qu";
				TargetAttributes = {
					18F6E20A2248C252007B1216 = {
						CreatedOnToolsVersion = 10.1;
					};
				};
			};
			buildConfigurationList = 18F6E2062248C252007B1216 /* Build configuration list for PBXProject "Attributor" */;
			compatibilityVersion = "Xcode 9.3";
			developmentRegion = en;
			hasScannedForEncodings = 0;
			knownRegions = (
				en,
				Base,
			);
			mainGroup = 18F6E2022248C252007B1216;
			productRefGroup = 18F6E20C2248C252007B1216 /* Products */;
			projectDirPath = "";
			projectRoot = "";
			targets = (
				18F6E20A2248C252007B1216 /* Attributor */,
			);
		};
/* End PBXProject section */

/* Begin PBXResourcesBuildPhase section */
		18F6E2092248C252007B1216 /* Resources */ = {
			isa = PBXResourcesBuildPhase;
			buildActionMask = 2147483647;
			files = (
				18F6E21B2248C256007B1216 /* LaunchScreen.storyboard in Resources */,
				18F6E2182248C256007B1216 /* Assets.xcassets in Resources */,
				18F6E2162248C253007B1216 /* Main.storyboard in Resources */,
			);
			runOnlyForDeploymentPostprocessing = 0;
		};
/* End PBXResourcesBuildPhase section */

/* Begin PBXSourcesBuildPhase section */
		18F6E2072248C252007B1216 /* Sources */ = {
			isa = PBXSourcesBuildPhase;
			buildActionMask = 2147483647;
			files = (
				188812D9224A0473000BBE79 /* CGViewController.m in Sources */,
				188812DC224A0970000BBE79 /* PlayingCardView.m in Sources */,
				18F6E2132248C253007B1216 /* ViewController.m in Sources */,
				18F6E21E2248C256007B1216 /* main.m in Sources */,
				18F6E227224909F5007B1216 /* AnalyzeTextViewController.m in Sources */,
				18F6E2102248C253007B1216 /* AppDelegate.m in Sources */,
			);
			runOnlyForDeploymentPostprocessing = 0;
		};
/* End PBXSourcesBuildPhase section */

/* Begin PBXVariantGroup section */
		18F6E2142248C253007B1216 /* Main.storyboard */ = {
			isa = PBXVariantGroup;
			children = (
				18F6E2152248C253007B1216 /* Base */,
			);
			name = Main.storyboard;
			sourceTree = "<group>";
		};
		18F6E2192248C256007B1216 /* LaunchScreen.storyboard */ = {
			isa = PBXVariantGroup;
			children = (
				18F6E21A2248C256007B1216 /* Base */,
			);
			name = LaunchScreen.storyboard;
			sourceTree = "<group>";
		};
/* End PBXVariantGroup section */

/* Begin XCBuildConfiguration section */
		18F6E21F2248C256007B1216 /* Debug */ = {
			isa = XCBuildConfiguration;
			buildSettings = {
				ALWAYS_SEARCH_USER_PATHS = NO;
				CLANG_ANALYZER_NONNULL = YES;
				CLANG_ANALYZER_NUMBER_OBJECT_CONVERSION = YES_AGGRESSIVE;
				CLANG_CXX_LANGUAGE_STANDARD = "gnu++14";
				CLANG_CXX_LIBRARY = "libc++";
				CLANG_ENABLE_MODULES = YES;
				CLANG_ENABLE_OBJC_ARC = YES;
				CLANG_ENABLE_OBJC_WEAK = YES;
				CLANG_WARN_BLOCK_CAPTURE_AUTORELEASING = YES;
				CLANG_WARN_BOOL_CONVERSION = YES;
				CLANG_WARN_COMMA = YES;
				CLANG_WARN_CONSTANT_CONVERSION = YES;
				CLANG_WARN_DEPRECATED_OBJC_IMPLEMENTATIONS = YES;
				CLANG_WARN_DIRECT_OBJC_ISA_USAGE = YES_ERROR;
				CLANG_WARN_DOCUMENTATION_COMMENTS = YES;
				CLANG_WARN_EMPTY_BODY = YES;
				CLANG_WARN_ENUM_CONVERSION = YES;
				CLANG_WARN_INFINITE_RECURSION = YES;
				CLANG_WARN_INT_CONVERSION = YES;
				CLANG_WARN_NON_LITERAL_NULL_CONVERSION = YES;
				CLANG_WARN_OBJC_IMPLICIT_RETAIN_SELF = YES;
				CLANG_WARN_OBJC_LITERAL_CONVERSION = YES;
				CLANG_WARN_OBJC_ROOT_CLASS = YES_ERROR;
				CLANG_WARN_RANGE_LOOP_ANALYSIS = YES;
				CLANG_WARN_STRICT_PROTOTYPES = YES;
				CLANG_WARN_SUSPICIOUS_MOVE = YES;
				CLANG_WARN_UNGUARDED_AVAILABILITY = YES_AGGRESSIVE;
				CLANG_WARN_UNREACHABLE_CODE = YES;
				CLANG_WARN__DUPLICATE_METHOD_MATCH = YES;
				CODE_SIGN_IDENTITY = "iPhone Developer";
				COPY_PHASE_STRIP = NO;
				DEBUG_INFORMATION_FORMAT = dwarf;
				ENABLE_STRICT_OBJC_MSGSEND = YES;
				ENABLE_TESTABILITY = YES;
				GCC_C_LANGUAGE_STANDARD = gnu11;
				GCC_DYNAMIC_NO_PIC = NO;
				GCC_NO_COMMON_BLOCKS = YES;
				GCC_OPTIMIZATION_LEVEL = 0;
				GCC_PREPROCESSOR_DEFINITIONS = (
					"DEBUG=1",
					"$(inherited)",
				);
				GCC_WARN_64_TO_32_BIT_CONVERSION = YES;
				GCC_WARN_ABOUT_RETURN_TYPE = YES_ERROR;
				GCC_WARN_UNDECLARED_SELECTOR = YES;
				GCC_WARN_UNINITIALIZED_AUTOS = YES_AGGRESSIVE;
				GCC_WARN_UNUSED_FUNCTION = YES;
				GCC_WARN_UNUSED_VARIABLE = YES;
				IPHONEOS_DEPLOYMENT_TARGET = 12.1;
				MTL_ENABLE_DEBUG_INFO = INCLUDE_SOURCE;
				MTL_FAST_MATH = YES;
				ONLY_ACTIVE_ARCH = YES;
				SDKROOT = iphoneos;
			};
			name = Debug;
		};
		18F6E2202248C256007B1216 /* Release */ = {
			isa = XCBuildConfiguration;
			buildSettings = {
				ALWAYS_SEARCH_USER_PATHS = NO;
				CLANG_ANALYZER_NONNULL = YES;
				CLANG_ANALYZER_NUMBER_OBJECT_CONVERSION = YES_AGGRESSIVE;
				CLANG_CXX_LANGUAGE_STANDARD = "gnu++14";
				CLANG_CXX_LIBRARY = "libc++";
				CLANG_ENABLE_MODULES = YES;
				CLANG_ENABLE_OBJC_ARC = YES;
				CLANG_ENABLE_OBJC_WEAK = YES;
				CLANG_WARN_BLOCK_CAPTURE_AUTORELEASING = YES;
				CLANG_WARN_BOOL_CONVERSION = YES;
				CLANG_WARN_COMMA = YES;
				CLANG_WARN_CONSTANT_CONVERSION = YES;
				CLANG_WARN_DEPRECATED_OBJC_IMPLEMENTATIONS = YES;
				CLANG_WARN_DIRECT_OBJC_ISA_USAGE = YES_ERROR;
				CLANG_WARN_DOCUMENTATION_COMMENTS = YES;
				CLANG_WARN_EMPTY_BODY = YES;
				CLANG_WARN_ENUM_CONVERSION = YES;
				CLANG_WARN_INFINITE_RECURSION = YES;
				CLANG_WARN_INT_CONVERSION = YES;
				CLANG_WARN_NON_LITERAL_NULL_CONVERSION = YES;
				CLANG_WARN_OBJC_IMPLICIT_RETAIN_SELF = YES;
				CLANG_WARN_OBJC_LITERAL_CONVERSION = YES;
				CLANG_WARN_OBJC_ROOT_CLASS = YES_ERROR;
				CLANG_WARN_RANGE_LOOP_ANALYSIS = YES;
				CLANG_WARN_STRICT_PROTOTYPES = YES;
				CLANG_WARN_SUSPICIOUS_MOVE = YES;
				CLANG_WARN_UNGUARDED_AVAILABILITY = YES_AGGRESSIVE;
				CLANG_WARN_UNREACHABLE_CODE = YES;
				CLANG_WARN__DUPLICATE_METHOD_MATCH = YES;
				CODE_SIGN_IDENTITY = "iPhone Developer";
				COPY_PHASE_STRIP = NO;
				DEBUG_INFORMATION_FORMAT = "dwarf-with-dsym";
				ENABLE_NS_ASSERTIONS = NO;
				ENABLE_STRICT_OBJC_MSGSEND = YES;
				GCC_C_LANGUAGE_STANDARD = gnu11;
				GCC_NO_COMMON_BLOCKS = YES;
				GCC_WARN_64_TO_32_BIT_CONVERSION = YES;
				GCC_WARN_ABOUT_RETURN_TYPE = YES_ERROR;
				GCC_WARN_UNDECLARED_SELECTOR = YES;
				GCC_WARN_UNINITIALIZED_AUTOS = YES_AGGRESSIVE;
				GCC_WARN_UNUSED_FUNCTION = YES;
				GCC_WARN_UNUSED_VARIABLE = YES;
				IPHONEOS_DEPLOYMENT_TARGET = 12.1;
				MTL_ENABLE_DEBUG_INFO = NO;
				MTL_FAST_MATH = YES;
				SDKROOT = iphoneos;
				VALIDATE_PRODUCT = YES;
			};
			name = Release;
		};
		18F6E2222248C256007B1216 /* Debug */ = {
			isa = XCBuildConfiguration;
			buildSettings = {
				ASSETCATALOG_COMPILER_APPICON_NAME = AppIcon;
				CODE_SIGN_STYLE = Automatic;
				DEVELOPMENT_TEAM = 42VW94SVZ4;
				INFOPLIST_FILE = Attributor/Info.plist;
				LD_RUNPATH_SEARCH_PATHS = (
					"$(inherited)",
					"@executable_path/Frameworks",
				);
				PRODUCT_BUNDLE_IDENTIFIER = io.github.summitxy.Attributor;
				PRODUCT_NAME = "$(TARGET_NAME)";
				TARGETED_DEVICE_FAMILY = "1,2";
			};
			name = Debug;
		};
		18F6E2232248C256007B1216 /* Release */ = {
			isa = XCBuildConfiguration;
			buildSettings = {
				ASSETCATALOG_COMPILER_APPICON_NAME = AppIcon;
				CODE_SIGN_STYLE = Automatic;
				DEVELOPMENT_TEAM = 42VW94SVZ4;
				INFOPLIST_FILE = Attributor/Info.plist;
				LD_RUNPATH_SEARCH_PATHS = (
					"$(inherited)",
					"@executable_path/Frameworks",
				);
				PRODUCT_BUNDLE_IDENTIFIER = io.github.summitxy.Attributor;
				PRODUCT_NAME = "$(TARGET_NAME)";
				TARGETED_DEVICE_FAMILY = "1,2";
			};
			name = Release;
		};
/* End XCBuildConfiguration section */

/* Begin XCConfigurationList section */
		18F6E2062248C252007B1216 /* Build configuration list for PBXProject "Attributor" */ = {
			isa = XCConfigurationList;
			buildConfigurations = (
				18F6E21F2248C256007B1216 /* Debug */,
				18F6E2202248C256007B1216 /* Release */,
			);
			defaultConfigurationIsVisible = 0;
			defaultConfigurationName = Release;
		};
		18F6E2212248C256007B1216 /* Build configuration list for PBXNativeTarget "Attributor" */ = {
			isa = XCConfigurationList;
			buildConfigurations = (
				18F6E2222248C256007B1216 /* Debug */,
				18F6E2232248C256007B1216 /* Release */,
			);
			defaultConfigurationIsVisible = 0;
			defaultConfigurationName = Release;
		};
/* End XCConfigurationList section */
	};
	rootObject = 18F6E2032248C252007B1216 /* Project object */;
}
